
Microsoft Visual Studio Solution File, Format Version 12.00
# Visual Studio 2013
VisualStudioVersion = 12.0.30501.0
MinimumVisualStudioVersion = 10.0.40219.1
Project("{FAE04EC0-301F-11D3-BF4B-00C04F79EFBC}") = "AdminView", "AdminView\AdminView.csproj", "{AC86656B-B310-4BAC-A89E-D55853A5EB27}"
	ProjectSection(ProjectDependencies) = postProject
		{A66EC58E-EF8C-4C41-91DC-FAF60AC91217} = {A66EC58E-EF8C-4C41-91DC-FAF60AC91217}
	EndProjectSection
EndProject
Project("{FAE04EC0-301F-11D3-BF4B-00C04F79EFBC}") = "AdminView.Tests", "AdminView.Tests\AdminView.Tests.csproj", "{AB192847-417B-446C-AF53-01384FD0F92E}"
	ProjectSection(ProjectDependencies) = postProject
		{A66EC58E-EF8C-4C41-91DC-FAF60AC91217} = {A66EC58E-EF8C-4C41-91DC-FAF60AC91217}
	EndProjectSection
EndProject
Project("{FAE04EC0-301F-11D3-BF4B-00C04F79EFBC}") = "Domain", "Domain\Domain.csproj", "{A66EC58E-EF8C-4C41-91DC-FAF60AC91217}"
EndProject
Project("{FAE04EC0-301F-11D3-BF4B-00C04F79EFBC}") = "Api", "Api\Api.csproj", "{294E1523-26F7-4D04-8102-BC3F1F91AB39}"
	ProjectSection(ProjectDependencies) = postProject
		{A66EC58E-EF8C-4C41-91DC-FAF60AC91217} = {A66EC58E-EF8C-4C41-91DC-FAF60AC91217}
	EndProjectSection
EndProject
Project("{FAE04EC0-301F-11D3-BF4B-00C04F79EFBC}") = "Api.Tests", "Api.Tests\Api.Tests.csproj", "{270DE3DC-DA66-4812-B8E9-77DCDA502766}"
	ProjectSection(ProjectDependencies) = postProject
		{A66EC58E-EF8C-4C41-91DC-FAF60AC91217} = {A66EC58E-EF8C-4C41-91DC-FAF60AC91217}
	EndProjectSection
EndProject
Project("{FAE04EC0-301F-11D3-BF4B-00C04F79EFBC}") = "Domain.Tests", "Domain.Tests\Domain.Tests.csproj", "{75C1F410-862F-48B0-9F38-D42A4263D7A4}"
	ProjectSection(ProjectDependencies) = postProject
		{A66EC58E-EF8C-4C41-91DC-FAF60AC91217} = {A66EC58E-EF8C-4C41-91DC-FAF60AC91217}
	EndProjectSection
EndProject
Project("{2150E333-8FDC-42A3-9474-1A3956D46DE8}") = ".nuget", ".nuget", "{037C3CCF-388A-4132-88F3-D2650ADFC790}"
EndProject
Global
	GlobalSection(SolutionConfigurationPlatforms) = preSolution
		Debug|Any CPU = Debug|Any CPU
		Release|Any CPU = Release|Any CPU
	EndGlobalSection
	GlobalSection(ProjectConfigurationPlatforms) = postSolution
		{AC86656B-B310-4BAC-A89E-D55853A5EB27}.Debug|Any CPU.ActiveCfg = Debug|Any CPU
		{AC86656B-B310-4BAC-A89E-D55853A5EB27}.Debug|Any CPU.Build.0 = Debug|Any CPU
		{AC86656B-B310-4BAC-A89E-D55853A5EB27}.Release|Any CPU.ActiveCfg = Release|Any CPU
		{AC86656B-B310-4BAC-A89E-D55853A5EB27}.Release|Any CPU.Build.0 = Release|Any CPU
		{AB192847-417B-446C-AF53-01384FD0F92E}.Debug|Any CPU.ActiveCfg = Debug|Any CPU
		{AB192847-417B-446C-AF53-01384FD0F92E}.Debug|Any CPU.Build.0 = Debug|Any CPU
		{AB192847-417B-446C-AF53-01384FD0F92E}.Release|Any CPU.ActiveCfg = Release|Any CPU
		{AB192847-417B-446C-AF53-01384FD0F92E}.Release|Any CPU.Build.0 = Release|Any CPU
		{A66EC58E-EF8C-4C41-91DC-FAF60AC91217}.Debug|Any CPU.ActiveCfg = Debug|Any CPU
		{A66EC58E-EF8C-4C41-91DC-FAF60AC91217}.Debug|Any CPU.Build.0 = Debug|Any CPU
		{A66EC58E-EF8C-4C41-91DC-FAF60AC91217}.Release|Any CPU.ActiveCfg = Release|Any CPU
		{A66EC58E-EF8C-4C41-91DC-FAF60AC91217}.Release|Any CPU.Build.0 = Release|Any CPU
		{294E1523-26F7-4D04-8102-BC3F1F91AB39}.Debug|Any CPU.ActiveCfg = Debug|Any CPU
		{294E1523-26F7-4D04-8102-BC3F1F91AB39}.Debug|Any CPU.Build.0 = Debug|Any CPU
		{294E1523-26F7-4D04-8102-BC3F1F91AB39}.Release|Any CPU.ActiveCfg = Release|Any CPU
		{294E1523-26F7-4D04-8102-BC3F1F91AB39}.Release|Any CPU.Build.0 = Release|Any CPU
		{270DE3DC-DA66-4812-B8E9-77DCDA502766}.Debug|Any CPU.ActiveCfg = Debug|Any CPU
		{270DE3DC-DA66-4812-B8E9-77DCDA502766}.Debug|Any CPU.Build.0 = Debug|Any CPU
		{270DE3DC-DA66-4812-B8E9-77DCDA502766}.Release|Any CPU.ActiveCfg = Release|Any CPU
		{270DE3DC-DA66-4812-B8E9-77DCDA502766}.Release|Any CPU.Build.0 = Release|Any CPU
		{75C1F410-862F-48B0-9F38-D42A4263D7A4}.Debug|Any CPU.ActiveCfg = Debug|Any CPU
		{75C1F410-862F-48B0-9F38-D42A4263D7A4}.Debug|Any CPU.Build.0 = Debug|Any CPU
		{75C1F410-862F-48B0-9F38-D42A4263D7A4}.Release|Any CPU.ActiveCfg = Release|Any CPU
		{75C1F410-862F-48B0-9F38-D42A4263D7A4}.Release|Any CPU.Build.0 = Release|Any CPU
	EndGlobalSection
	GlobalSection(SolutionProperties) = preSolution
		HideSolutionNode = FALSE
	EndGlobalSection
EndGlobal
